
Microsoft Visual Studio Solution File, Format Version 11.00
# Visual Studio 2010
Project("{FAE04EC0-301F-11D3-BF4B-00C04F79EFBC}") = "PD3100sifra43", "PD3100sifra43\PD3100sifra43.csproj", "{38AF11AA-E19B-4C39-A868-EFDD0E62601E}"
EndProject
Global
	GlobalSection(SubversionScc) = preSolution
		Svn-Managed = True
		Manager = AnkhSVN - Subversion Support for Visual Studio
	EndGlobalSection
	GlobalSection(SolutionConfigurationPlatforms) = preSolution
		Debug|x86 = Debug|x86
		Release|x86 = Release|x86
	EndGlobalSection
	GlobalSection(ProjectConfigurationPlatforms) = postSolution
		{38AF11AA-E19B-4C39-A868-EFDD0E62601E}.Debug|x86.ActiveCfg = Debug|x86
		{38AF11AA-E19B-4C39-A868-EFDD0E62601E}.Debug|x86.Build.0 = Debug|x86
		{38AF11AA-E19B-4C39-A868-EFDD0E62601E}.Release|x86.ActiveCfg = Release|x86
		{38AF11AA-E19B-4C39-A868-EFDD0E62601E}.Release|x86.Build.0 = Release|x86
	EndGlobalSection
	GlobalSection(SolutionProperties) = preSolution
		HideSolutionNode = FALSE
	EndGlobalSection
EndGlobal
